// !$*UTF8*$!
{
	archiveVersion = 1;
	classes = {
	};
	objectVersion = 55;
	objects = {

/* Begin PBXBuildFile section */
		DF10A585287166D500882226 /* AppDelegate.swift in Sources */ = {isa = PBXBuildFile; fileRef = DF10A584287166D500882226 /* AppDelegate.swift */; };
		DF10A587287166D500882226 /* SceneDelegate.swift in Sources */ = {isa = PBXBuildFile; fileRef = DF10A586287166D500882226 /* SceneDelegate.swift */; };
		DF10A589287166D500882226 /* MainVC.swift in Sources */ = {isa = PBXBuildFile; fileRef = DF10A588287166D500882226 /* MainVC.swift */; };
		DF10A58C287166D500882226 /* Main.storyboard in Resources */ = {isa = PBXBuildFile; fileRef = DF10A58A287166D500882226 /* Main.storyboard */; };
		DF10A58F287166D500882226 /* FoodManChu.xcdatamodeld in Sources */ = {isa = PBXBuildFile; fileRef = DF10A58D287166D500882226 /* FoodManChu.xcdatamodeld */; };
		DF10A591287166DA00882226 /* Assets.xcassets in Resources */ = {isa = PBXBuildFile; fileRef = DF10A590287166DA00882226 /* Assets.xcassets */; };
		DF10A594287166DA00882226 /* LaunchScreen.storyboard in Resources */ = {isa = PBXBuildFile; fileRef = DF10A592287166DA00882226 /* LaunchScreen.storyboard */; };
		DF67DD1F287367E40056530E /* RecipeDetailsVC.swift in Sources */ = {isa = PBXBuildFile; fileRef = DF67DD1E287367E40056530E /* RecipeDetailsVC.swift */; };
		DF67DD21287368010056530E /* IngredientsVC.swift in Sources */ = {isa = PBXBuildFile; fileRef = DF67DD20287368010056530E /* IngredientsVC.swift */; };
		DF67DD23287368170056530E /* IngredientsDetailsVC.swift in Sources */ = {isa = PBXBuildFile; fileRef = DF67DD22287368170056530E /* IngredientsDetailsVC.swift */; };
		DF67DD2E2874C4790056530E /* Category+CoreDataClass.swift in Sources */ = {isa = PBXBuildFile; fileRef = DF67DD262874C4790056530E /* Category+CoreDataClass.swift */; };
		DF67DD2F2874C4790056530E /* Category+CoreDataProperties.swift in Sources */ = {isa = PBXBuildFile; fileRef = DF67DD272874C4790056530E /* Category+CoreDataProperties.swift */; };
		DF67DD302874C4790056530E /* Image+CoreDataClass.swift in Sources */ = {isa = PBXBuildFile; fileRef = DF67DD282874C4790056530E /* Image+CoreDataClass.swift */; };
		DF67DD322874C4790056530E /* Recipe+CoreDataClass.swift in Sources */ = {isa = PBXBuildFile; fileRef = DF67DD2A2874C4790056530E /* Recipe+CoreDataClass.swift */; };
		DF67DD332874C4790056530E /* Recipe+CoreDataProperties.swift in Sources */ = {isa = PBXBuildFile; fileRef = DF67DD2B2874C4790056530E /* Recipe+CoreDataProperties.swift */; };
		DF67DD342874C4790056530E /* Ingredients+CoreDataClass.swift in Sources */ = {isa = PBXBuildFile; fileRef = DF67DD2C2874C4790056530E /* Ingredients+CoreDataClass.swift */; };
		DF67DD3728760A4F0056530E /* MaterialView.swift in Sources */ = {isa = PBXBuildFile; fileRef = DF67DD3628760A4F0056530E /* MaterialView.swift */; };
		DF67DD3A28760AEE0056530E /* Constants.swift in Sources */ = {isa = PBXBuildFile; fileRef = DF67DD3928760AEE0056530E /* Constants.swift */; };
		DF67DD3C2876128D0056530E /* RecipeCell.swift in Sources */ = {isa = PBXBuildFile; fileRef = DF67DD3B2876128D0056530E /* RecipeCell.swift */; };
		DF67DD3E2876129F0056530E /* IngredientCell.swift in Sources */ = {isa = PBXBuildFile; fileRef = DF67DD3D2876129F0056530E /* IngredientCell.swift */; };
		DF67DD43288CC1DB0056530E /* Image+CoreDataProperties.swift in Sources */ = {isa = PBXBuildFile; fileRef = DF67DD41288CC1DB0056530E /* Image+CoreDataProperties.swift */; };
		DF67DD44288CC1DB0056530E /* Ingredients+CoreDataProperties.swift in Sources */ = {isa = PBXBuildFile; fileRef = DF67DD42288CC1DB0056530E /* Ingredients+CoreDataProperties.swift */; };
		DF67DD46288D1C070056530E /* CustomFields.swift in Sources */ = {isa = PBXBuildFile; fileRef = DF67DD45288D1C070056530E /* CustomFields.swift */; };
/* End PBXBuildFile section */

/* Begin PBXFileReference section */
		DF10A581287166D500882226 /* FoodManChu.app */ = {isa = PBXFileReference; explicitFileType = wrapper.application; includeInIndex = 0; path = FoodManChu.app; sourceTree = BUILT_PRODUCTS_DIR; };
		DF10A584287166D500882226 /* AppDelegate.swift */ = {isa = PBXFileReference; lastKnownFileType = sourcecode.swift; path = AppDelegate.swift; sourceTree = "<group>"; };
		DF10A586287166D500882226 /* SceneDelegate.swift */ = {isa = PBXFileReference; lastKnownFileType = sourcecode.swift; path = SceneDelegate.swift; sourceTree = "<group>"; };
		DF10A588287166D500882226 /* MainVC.swift */ = {isa = PBXFileReference; lastKnownFileType = sourcecode.swift; path = MainVC.swift; sourceTree = "<group>"; };
		DF10A58B287166D500882226 /* Base */ = {isa = PBXFileReference; lastKnownFileType = file.storyboard; name = Base; path = Base.lproj/Main.storyboard; sourceTree = "<group>"; };
		DF10A58E287166D500882226 /* FoodManChu.xcdatamodel */ = {isa = PBXFileReference; lastKnownFileType = wrapper.xcdatamodel; path = FoodManChu.xcdatamodel; sourceTree = "<group>"; };
		DF10A590287166DA00882226 /* Assets.xcassets */ = {isa = PBXFileReference; lastKnownFileType = folder.assetcatalog; path = Assets.xcassets; sourceTree = "<group>"; };
		DF10A593287166DA00882226 /* Base */ = {isa = PBXFileReference; lastKnownFileType = file.storyboard; name = Base; path = Base.lproj/LaunchScreen.storyboard; sourceTree = "<group>"; };
		DF10A595287166DA00882226 /* Info.plist */ = {isa = PBXFileReference; lastKnownFileType = text.plist.xml; path = Info.plist; sourceTree = "<group>"; };
		DF67DD1E287367E40056530E /* RecipeDetailsVC.swift */ = {isa = PBXFileReference; lastKnownFileType = sourcecode.swift; path = RecipeDetailsVC.swift; sourceTree = "<group>"; };
		DF67DD20287368010056530E /* IngredientsVC.swift */ = {isa = PBXFileReference; lastKnownFileType = sourcecode.swift; path = IngredientsVC.swift; sourceTree = "<group>"; };
		DF67DD22287368170056530E /* IngredientsDetailsVC.swift */ = {isa = PBXFileReference; lastKnownFileType = sourcecode.swift; path = IngredientsDetailsVC.swift; sourceTree = "<group>"; };
		DF67DD262874C4790056530E /* Category+CoreDataClass.swift */ = {isa = PBXFileReference; lastKnownFileType = sourcecode.swift; path = "Category+CoreDataClass.swift"; sourceTree = "<group>"; };
		DF67DD272874C4790056530E /* Category+CoreDataProperties.swift */ = {isa = PBXFileReference; lastKnownFileType = sourcecode.swift; path = "Category+CoreDataProperties.swift"; sourceTree = "<group>"; };
		DF67DD282874C4790056530E /* Image+CoreDataClass.swift */ = {isa = PBXFileReference; lastKnownFileType = sourcecode.swift; path = "Image+CoreDataClass.swift"; sourceTree = "<group>"; };
		DF67DD2A2874C4790056530E /* Recipe+CoreDataClass.swift */ = {isa = PBXFileReference; lastKnownFileType = sourcecode.swift; path = "Recipe+CoreDataClass.swift"; sourceTree = "<group>"; };
		DF67DD2B2874C4790056530E /* Recipe+CoreDataProperties.swift */ = {isa = PBXFileReference; lastKnownFileType = sourcecode.swift; path = "Recipe+CoreDataProperties.swift"; sourceTree = "<group>"; };
		DF67DD2C2874C4790056530E /* Ingredients+CoreDataClass.swift */ = {isa = PBXFileReference; lastKnownFileType = sourcecode.swift; path = "Ingredients+CoreDataClass.swift"; sourceTree = "<group>"; };
		DF67DD3628760A4F0056530E /* MaterialView.swift */ = {isa = PBXFileReference; lastKnownFileType = sourcecode.swift; path = MaterialView.swift; sourceTree = "<group>"; };
		DF67DD3928760AEE0056530E /* Constants.swift */ = {isa = PBXFileReference; lastKnownFileType = sourcecode.swift; path = Constants.swift; sourceTree = "<group>"; };
		DF67DD3B2876128D0056530E /* RecipeCell.swift */ = {isa = PBXFileReference; lastKnownFileType = sourcecode.swift; path = RecipeCell.swift; sourceTree = "<group>"; };
		DF67DD3D2876129F0056530E /* IngredientCell.swift */ = {isa = PBXFileReference; lastKnownFileType = sourcecode.swift; path = IngredientCell.swift; sourceTree = "<group>"; };
		DF67DD41288CC1DB0056530E /* Image+CoreDataProperties.swift */ = {isa = PBXFileReference; lastKnownFileType = sourcecode.swift; name = "Image+CoreDataProperties.swift"; path = "../../Image+CoreDataProperties.swift"; sourceTree = "<group>"; };
		DF67DD42288CC1DB0056530E /* Ingredients+CoreDataProperties.swift */ = {isa = PBXFileReference; lastKnownFileType = sourcecode.swift; name = "Ingredients+CoreDataProperties.swift"; path = "../../Ingredients+CoreDataProperties.swift"; sourceTree = "<group>"; };
		DF67DD45288D1C070056530E /* CustomFields.swift */ = {isa = PBXFileReference; lastKnownFileType = sourcecode.swift; path = CustomFields.swift; sourceTree = "<group>"; };
/* End PBXFileReference section */

/* Begin PBXFrameworksBuildPhase section */
		DF10A57E287166D500882226 /* Frameworks */ = {
			isa = PBXFrameworksBuildPhase;
			buildActionMask = 2147483647;
			files = (
			);
			runOnlyForDeploymentPostprocessing = 0;
		};
/* End PBXFrameworksBuildPhase section */

/* Begin PBXGroup section */
		DF10A578287166D500882226 = {
			isa = PBXGroup;
			children = (
				DF67DD2A2874C4790056530E /* Recipe+CoreDataClass.swift */,
				DF67DD262874C4790056530E /* Category+CoreDataClass.swift */,
				DF67DD282874C4790056530E /* Image+CoreDataClass.swift */,
				DF67DD2C2874C4790056530E /* Ingredients+CoreDataClass.swift */,
				DF10A583287166D500882226 /* FoodManChu */,
				DF10A582287166D500882226 /* Products */,
			);
			sourceTree = "<group>";
		};
		DF10A582287166D500882226 /* Products */ = {
			isa = PBXGroup;
			children = (
				DF10A581287166D500882226 /* FoodManChu.app */,
			);
			name = Products;
			sourceTree = "<group>";
		};
		DF10A583287166D500882226 /* FoodManChu */ = {
			isa = PBXGroup;
			children = (
				DF67DD3828760AD70056530E /* Utils */,
				DF10A584287166D500882226 /* AppDelegate.swift */,
				DF10A586287166D500882226 /* SceneDelegate.swift */,
				DF67DD252874C43F0056530E /* View */,
				DF67DD242874C4350056530E /* Model */,
				DF67DD1D287367B50056530E /* Controller */,
				DF10A58A287166D500882226 /* Main.storyboard */,
				DF10A590287166DA00882226 /* Assets.xcassets */,
				DF10A592287166DA00882226 /* LaunchScreen.storyboard */,
				DF10A595287166DA00882226 /* Info.plist */,
				DF10A58D287166D500882226 /* FoodManChu.xcdatamodeld */,
			);
			path = FoodManChu;
			sourceTree = "<group>";
		};
		DF67DD1D287367B50056530E /* Controller */ = {
			isa = PBXGroup;
			children = (
				DF10A588287166D500882226 /* MainVC.swift */,
				DF67DD1E287367E40056530E /* RecipeDetailsVC.swift */,
				DF67DD20287368010056530E /* IngredientsVC.swift */,
				DF67DD22287368170056530E /* IngredientsDetailsVC.swift */,
			);
			path = Controller;
			sourceTree = "<group>";
		};
		DF67DD242874C4350056530E /* Model */ = {
			isa = PBXGroup;
			children = (
				DF67DD2B2874C4790056530E /* Recipe+CoreDataProperties.swift */,
				DF67DD41288CC1DB0056530E /* Image+CoreDataProperties.swift */,
				DF67DD272874C4790056530E /* Category+CoreDataProperties.swift */,
				DF67DD42288CC1DB0056530E /* Ingredients+CoreDataProperties.swift */,
			);
			path = Model;
			sourceTree = "<group>";
		};
		DF67DD252874C43F0056530E /* View */ = {
			isa = PBXGroup;
			children = (
				DF67DD3628760A4F0056530E /* MaterialView.swift */,
				DF67DD3B2876128D0056530E /* RecipeCell.swift */,
				DF67DD3D2876129F0056530E /* IngredientCell.swift */,
				DF67DD45288D1C070056530E /* CustomFields.swift */,
			);
			path = View;
			sourceTree = "<group>";
		};
		DF67DD3828760AD70056530E /* Utils */ = {
			isa = PBXGroup;
			children = (
				DF67DD3928760AEE0056530E /* Constants.swift */,
			);
			path = Utils;
			sourceTree = "<group>";
		};
/* End PBXGroup section */

/* Begin PBXNativeTarget section */
		DF10A580287166D500882226 /* FoodManChu */ = {
			isa = PBXNativeTarget;
			buildConfigurationList = DF10A598287166DA00882226 /* Build configuration list for PBXNativeTarget "FoodManChu" */;
			buildPhases = (
				DF10A57D287166D500882226 /* Sources */,
				DF10A57E287166D500882226 /* Frameworks */,
				DF10A57F287166D500882226 /* Resources */,
			);
			buildRules = (
			);
			dependencies = (
			);
			name = FoodManChu;
			productName = FoodManChu;
			productReference = DF10A581287166D500882226 /* FoodManChu.app */;
			productType = "com.apple.product-type.application";
		};
/* End PBXNativeTarget section */

/* Begin PBXProject section */
		DF10A579287166D500882226 /* Project object */ = {
			isa = PBXProject;
			attributes = {
				BuildIndependentTargetsInParallel = 1;
				LastSwiftUpdateCheck = 1340;
				LastUpgradeCheck = 1340;
				TargetAttributes = {
					DF10A580287166D500882226 = {
						CreatedOnToolsVersion = 13.4.1;
					};
				};
			};
			buildConfigurationList = DF10A57C287166D500882226 /* Build configuration list for PBXProject "FoodManChu" */;
			compatibilityVersion = "Xcode 13.0";
			developmentRegion = en;
			hasScannedForEncodings = 0;
			knownRegions = (
				en,
				Base,
			);
			mainGroup = DF10A578287166D500882226;
			productRefGroup = DF10A582287166D500882226 /* Products */;
			projectDirPath = "";
			projectRoot = "";
			targets = (
				DF10A580287166D500882226 /* FoodManChu */,
			);
		};
/* End PBXProject section */

/* Begin PBXResourcesBuildPhase section */
		DF10A57F287166D500882226 /* Resources */ = {
			isa = PBXResourcesBuildPhase;
			buildActionMask = 2147483647;
			files = (
				DF10A594287166DA00882226 /* LaunchScreen.storyboard in Resources */,
				DF10A591287166DA00882226 /* Assets.xcassets in Resources */,
				DF10A58C287166D500882226 /* Main.storyboard in Resources */,
			);
			runOnlyForDeploymentPostprocessing = 0;
		};
/* End PBXResourcesBuildPhase section */

/* Begin PBXSourcesBuildPhase section */
		DF10A57D287166D500882226 /* Sources */ = {
			isa = PBXSourcesBuildPhase;
			buildActionMask = 2147483647;
			files = (
				DF10A589287166D500882226 /* MainVC.swift in Sources */,
				DF67DD3A28760AEE0056530E /* Constants.swift in Sources */,
				DF67DD2F2874C4790056530E /* Category+CoreDataProperties.swift in Sources */,
				DF67DD3C2876128D0056530E /* RecipeCell.swift in Sources */,
				DF67DD2E2874C4790056530E /* Category+CoreDataClass.swift in Sources */,
				DF67DD21287368010056530E /* IngredientsVC.swift in Sources */,
				DF67DD23287368170056530E /* IngredientsDetailsVC.swift in Sources */,
				DF67DD322874C4790056530E /* Recipe+CoreDataClass.swift in Sources */,
				DF67DD3728760A4F0056530E /* MaterialView.swift in Sources */,
				DF67DD342874C4790056530E /* Ingredients+CoreDataClass.swift in Sources */,
				DF67DD3E2876129F0056530E /* IngredientCell.swift in Sources */,
				DF67DD43288CC1DB0056530E /* Image+CoreDataProperties.swift in Sources */,
				DF67DD44288CC1DB0056530E /* Ingredients+CoreDataProperties.swift in Sources */,
				DF10A585287166D500882226 /* AppDelegate.swift in Sources */,
				DF10A587287166D500882226 /* SceneDelegate.swift in Sources */,
				DF67DD1F287367E40056530E /* RecipeDetailsVC.swift in Sources */,
				DF67DD46288D1C070056530E /* CustomFields.swift in Sources */,
				DF10A58F287166D500882226 /* FoodManChu.xcdatamodeld in Sources */,
				DF67DD302874C4790056530E /* Image+CoreDataClass.swift in Sources */,
				DF67DD332874C4790056530E /* Recipe+CoreDataProperties.swift in Sources */,
			);
			runOnlyForDeploymentPostprocessing = 0;
		};
/* End PBXSourcesBuildPhase section */

/* Begin PBXVariantGroup section */
		DF10A58A287166D500882226 /* Main.storyboard */ = {
			isa = PBXVariantGroup;
			children = (
				DF10A58B287166D500882226 /* Base */,
			);
			name = Main.storyboard;
			sourceTree = "<group>";
		};
		DF10A592287166DA00882226 /* LaunchScreen.storyboard */ = {
			isa = PBXVariantGroup;
			children = (
				DF10A593287166DA00882226 /* Base */,
			);
			name = LaunchScreen.storyboard;
			sourceTree = "<group>";
		};
/* End PBXVariantGroup section */

/* Begin XCBuildConfiguration section */
		DF10A596287166DA00882226 /* Debug */ = {
			isa = XCBuildConfiguration;
			buildSettings = {
				ALWAYS_SEARCH_USER_PATHS = NO;
				CLANG_ANALYZER_NONNULL = YES;
				CLANG_ANALYZER_NUMBER_OBJECT_CONVERSION = YES_AGGRESSIVE;
				CLANG_CXX_LANGUAGE_STANDARD = "gnu++17";
				CLANG_ENABLE_MODULES = YES;
				CLANG_ENABLE_OBJC_ARC = YES;
				CLANG_ENABLE_OBJC_WEAK = YES;
				CLANG_WARN_BLOCK_CAPTURE_AUTORELEASING = YES;
				CLANG_WARN_BOOL_CONVERSION = YES;
				CLANG_WARN_COMMA = YES;
				CLANG_WARN_CONSTANT_CONVERSION = YES;
				CLANG_WARN_DEPRECATED_OBJC_IMPLEMENTATIONS = YES;
				CLANG_WARN_DIRECT_OBJC_ISA_USAGE = YES_ERROR;
				CLANG_WARN_DOCUMENTATION_COMMENTS = YES;
				CLANG_WARN_EMPTY_BODY = YES;
				CLANG_WARN_ENUM_CONVERSION = YES;
				CLANG_WARN_INFINITE_RECURSION = YES;
				CLANG_WARN_INT_CONVERSION = YES;
				CLANG_WARN_NON_LITERAL_NULL_CONVERSION = YES;
				CLANG_WARN_OBJC_IMPLICIT_RETAIN_SELF = YES;
				CLANG_WARN_OBJC_LITERAL_CONVERSION = YES;
				CLANG_WARN_OBJC_ROOT_CLASS = YES_ERROR;
				CLANG_WARN_QUOTED_INCLUDE_IN_FRAMEWORK_HEADER = YES;
				CLANG_WARN_RANGE_LOOP_ANALYSIS = YES;
				CLANG_WARN_STRICT_PROTOTYPES = YES;
				CLANG_WARN_SUSPICIOUS_MOVE = YES;
				CLANG_WARN_UNGUARDED_AVAILABILITY = YES_AGGRESSIVE;
				CLANG_WARN_UNREACHABLE_CODE = YES;
				CLANG_WARN__DUPLICATE_METHOD_MATCH = YES;
				COPY_PHASE_STRIP = NO;
				DEBUG_INFORMATION_FORMAT = dwarf;
				ENABLE_STRICT_OBJC_MSGSEND = YES;
				ENABLE_TESTABILITY = YES;
				GCC_C_LANGUAGE_STANDARD = gnu11;
				GCC_DYNAMIC_NO_PIC = NO;
				GCC_NO_COMMON_BLOCKS = YES;
				GCC_OPTIMIZATION_LEVEL = 0;
				GCC_PREPROCESSOR_DEFINITIONS = (
					"DEBUG=1",
					"$(inherited)",
				);
				GCC_WARN_64_TO_32_BIT_CONVERSION = YES;
				GCC_WARN_ABOUT_RETURN_TYPE = YES_ERROR;
				GCC_WARN_UNDECLARED_SELECTOR = YES;
				GCC_WARN_UNINITIALIZED_AUTOS = YES_AGGRESSIVE;
				GCC_WARN_UNUSED_FUNCTION = YES;
				GCC_WARN_UNUSED_VARIABLE = YES;
				IPHONEOS_DEPLOYMENT_TARGET = 15.5;
				MTL_ENABLE_DEBUG_INFO = INCLUDE_SOURCE;
				MTL_FAST_MATH = YES;
				ONLY_ACTIVE_ARCH = YES;
				SDKROOT = iphoneos;
				SWIFT_ACTIVE_COMPILATION_CONDITIONS = DEBUG;
				SWIFT_OPTIMIZATION_LEVEL = "-Onone";
			};
			name = Debug;
		};
		DF10A597287166DA00882226 /* Release */ = {
			isa = XCBuildConfiguration;
			buildSettings = {
				ALWAYS_SEARCH_USER_PATHS = NO;
				CLANG_ANALYZER_NONNULL = YES;
				CLANG_ANALYZER_NUMBER_OBJECT_CONVERSION = YES_AGGRESSIVE;
				CLANG_CXX_LANGUAGE_STANDARD = "gnu++17";
				CLANG_ENABLE_MODULES = YES;
				CLANG_ENABLE_OBJC_ARC = YES;
				CLANG_ENABLE_OBJC_WEAK = YES;
				CLANG_WARN_BLOCK_CAPTURE_AUTORELEASING = YES;
				CLANG_WARN_BOOL_CONVERSION = YES;
				CLANG_WARN_COMMA = YES;
				CLANG_WARN_CONSTANT_CONVERSION = YES;
				CLANG_WARN_DEPRECATED_OBJC_IMPLEMENTATIONS = YES;
				CLANG_WARN_DIRECT_OBJC_ISA_USAGE = YES_ERROR;
				CLANG_WARN_DOCUMENTATION_COMMENTS = YES;
				CLANG_WARN_EMPTY_BODY = YES;
				CLANG_WARN_ENUM_CONVERSION = YES;
				CLANG_WARN_INFINITE_RECURSION = YES;
				CLANG_WARN_INT_CONVERSION = YES;
				CLANG_WARN_NON_LITERAL_NULL_CONVERSION = YES;
				CLANG_WARN_OBJC_IMPLICIT_RETAIN_SELF = YES;
				CLANG_WARN_OBJC_LITERAL_CONVERSION = YES;
				CLANG_WARN_OBJC_ROOT_CLASS = YES_ERROR;
				CLANG_WARN_QUOTED_INCLUDE_IN_FRAMEWORK_HEADER = YES;
				CLANG_WARN_RANGE_LOOP_ANALYSIS = YES;
				CLANG_WARN_STRICT_PROTOTYPES = YES;
				CLANG_WARN_SUSPICIOUS_MOVE = YES;
				CLANG_WARN_UNGUARDED_AVAILABILITY = YES_AGGRESSIVE;
				CLANG_WARN_UNREACHABLE_CODE = YES;
				CLANG_WARN__DUPLICATE_METHOD_MATCH = YES;
				COPY_PHASE_STRIP = NO;
				DEBUG_INFORMATION_FORMAT = "dwarf-with-dsym";
				ENABLE_NS_ASSERTIONS = NO;
				ENABLE_STRICT_OBJC_MSGSEND = YES;
				GCC_C_LANGUAGE_STANDARD = gnu11;
				GCC_NO_COMMON_BLOCKS = YES;
				GCC_WARN_64_TO_32_BIT_CONVERSION = YES;
				GCC_WARN_ABOUT_RETURN_TYPE = YES_ERROR;
				GCC_WARN_UNDECLARED_SELECTOR = YES;
				GCC_WARN_UNINITIALIZED_AUTOS = YES_AGGRESSIVE;
				GCC_WARN_UNUSED_FUNCTION = YES;
				GCC_WARN_UNUSED_VARIABLE = YES;
				IPHONEOS_DEPLOYMENT_TARGET = 15.5;
				MTL_ENABLE_DEBUG_INFO = NO;
				MTL_FAST_MATH = YES;
				SDKROOT = iphoneos;
				SWIFT_COMPILATION_MODE = wholemodule;
				SWIFT_OPTIMIZATION_LEVEL = "-O";
				VALIDATE_PRODUCT = YES;
			};
			name = Release;
		};
		DF10A599287166DA00882226 /* Debug */ = {
			isa = XCBuildConfiguration;
			buildSettings = {
				ASSETCATALOG_COMPILER_APPICON_NAME = AppIcon;
				ASSETCATALOG_COMPILER_GLOBAL_ACCENT_COLOR_NAME = AccentColor;
				CODE_SIGN_STYLE = Automatic;
				CURRENT_PROJECT_VERSION = 1;
				DEVELOPMENT_TEAM = ZY9DNBTZ6S;
				GENERATE_INFOPLIST_FILE = YES;
				INFOPLIST_FILE = FoodManChu/Info.plist;
				INFOPLIST_KEY_UIApplicationSupportsIndirectInputEvents = YES;
				INFOPLIST_KEY_UILaunchStoryboardName = LaunchScreen;
				INFOPLIST_KEY_UIMainStoryboardFile = Main;
				INFOPLIST_KEY_UISupportedInterfaceOrientations_iPad = "UIInterfaceOrientationPortrait UIInterfaceOrientationPortraitUpsideDown UIInterfaceOrientationLandscapeLeft UIInterfaceOrientationLandscapeRight";
				INFOPLIST_KEY_UISupportedInterfaceOrientations_iPhone = "UIInterfaceOrientationPortrait UIInterfaceOrientationLandscapeLeft UIInterfaceOrientationLandscapeRight";
				IPHONEOS_DEPLOYMENT_TARGET = 14.0;
				LD_RUNPATH_SEARCH_PATHS = (
					"$(inherited)",
					"@executable_path/Frameworks",
				);
				MARKETING_VERSION = 1.0;
				PRODUCT_BUNDLE_IDENTIFIER = com.jadson.FoodManChu;
				PRODUCT_NAME = "$(TARGET_NAME)";
				SWIFT_EMIT_LOC_STRINGS = YES;
				SWIFT_VERSION = 5.0;
				TARGETED_DEVICE_FAMILY = "1,2";
			};
			name = Debug;
		};
		DF10A59A287166DA00882226 /* Release */ = {
			isa = XCBuildConfiguration;
			buildSettings = {
				ASSETCATALOG_COMPILER_APPICON_NAME = AppIcon;
				ASSETCATALOG_COMPILER_GLOBAL_ACCENT_COLOR_NAME = AccentColor;
				CODE_SIGN_STYLE = Automatic;
				CURRENT_PROJECT_VERSION = 1;
				DEVELOPMENT_TEAM = ZY9DNBTZ6S;
				GENERATE_INFOPLIST_FILE = YES;
				INFOPLIST_FILE = FoodManChu/Info.plist;
				INFOPLIST_KEY_UIApplicationSupportsIndirectInputEvents = YES;
				INFOPLIST_KEY_UILaunchStoryboardName = LaunchScreen;
				INFOPLIST_KEY_UIMainStoryboardFile = Main;
				INFOPLIST_KEY_UISupportedInterfaceOrientations_iPad = "UIInterfaceOrientationPortrait UIInterfaceOrientationPortraitUpsideDown UIInterfaceOrientationLandscapeLeft UIInterfaceOrientationLandscapeRight";
				INFOPLIST_KEY_UISupportedInterfaceOrientations_iPhone = "UIInterfaceOrientationPortrait UIInterfaceOrientationLandscapeLeft UIInterfaceOrientationLandscapeRight";
				IPHONEOS_DEPLOYMENT_TARGET = 14.0;
				LD_RUNPATH_SEARCH_PATHS = (
					"$(inherited)",
					"@executable_path/Frameworks",
				);
				MARKETING_VERSION = 1.0;
				PRODUCT_BUNDLE_IDENTIFIER = com.jadson.FoodManChu;
				PRODUCT_NAME = "$(TARGET_NAME)";
				SWIFT_EMIT_LOC_STRINGS = YES;
				SWIFT_VERSION = 5.0;
				TARGETED_DEVICE_FAMILY = "1,2";
			};
			name = Release;
		};
/* End XCBuildConfiguration section */

/* Begin XCConfigurationList section */
		DF10A57C287166D500882226 /* Build configuration list for PBXProject "FoodManChu" */ = {
			isa = XCConfigurationList;
			buildConfigurations = (
				DF10A596287166DA00882226 /* Debug */,
				DF10A597287166DA00882226 /* Release */,
			);
			defaultConfigurationIsVisible = 0;
			defaultConfigurationName = Release;
		};
		DF10A598287166DA00882226 /* Build configuration list for PBXNativeTarget "FoodManChu" */ = {
			isa = XCConfigurationList;
			buildConfigurations = (
				DF10A599287166DA00882226 /* Debug */,
				DF10A59A287166DA00882226 /* Release */,
			);
			defaultConfigurationIsVisible = 0;
			defaultConfigurationName = Release;
		};
/* End XCConfigurationList section */

/* Begin XCVersionGroup section */
		DF10A58D287166D500882226 /* FoodManChu.xcdatamodeld */ = {
			isa = XCVersionGroup;
			children = (
				DF10A58E287166D500882226 /* FoodManChu.xcdatamodel */,
			);
			currentVersion = DF10A58E287166D500882226 /* FoodManChu.xcdatamodel */;
			path = FoodManChu.xcdatamodeld;
			sourceTree = "<group>";
			versionGroupType = wrapper.xcdatamodel;
		};
/* End XCVersionGroup section */
	};
	rootObject = DF10A579287166D500882226 /* Project object */;
}
